
Microsoft Visual Studio Solution File, Format Version 12.00
# Visual Studio 14
VisualStudioVersion = 14.0.25420.1
MinimumVisualStudioVersion = 10.0.40219.1
Project("{FAE04EC0-301F-11D3-BF4B-00C04F79EFBC}") = "MvcMusicStore", "MvcMusicStore\MvcMusicStore.csproj", "{77FDE3C4-2793-4A2A-B7C7-B4F28A45F08F}"
EndProject
Project("{FAE04EC0-301F-11D3-BF4B-00C04F79EFBC}") = "MvcMusicStore.Tests", "MvcMusicStore.Tests\MvcMusicStore.Tests.csproj", "{658635EA-14C0-4299-B174-31A5195F026C}"
EndProject
Global
	GlobalSection(SolutionConfigurationPlatforms) = preSolution
		Debug|Any CPU = Debug|Any CPU
		Release|Any CPU = Release|Any CPU
	EndGlobalSection
	GlobalSection(ProjectConfigurationPlatforms) = postSolution
		{77FDE3C4-2793-4A2A-B7C7-B4F28A45F08F}.Debug|Any CPU.ActiveCfg = Debug|Any CPU
		{77FDE3C4-2793-4A2A-B7C7-B4F28A45F08F}.Debug|Any CPU.Build.0 = Debug|Any CPU
		{77FDE3C4-2793-4A2A-B7C7-B4F28A45F08F}.Release|Any CPU.ActiveCfg = Release|Any CPU
		{77FDE3C4-2793-4A2A-B7C7-B4F28A45F08F}.Release|Any CPU.Build.0 = Release|Any CPU
		{658635EA-14C0-4299-B174-31A5195F026C}.Debug|Any CPU.ActiveCfg = Debug|Any CPU
		{658635EA-14C0-4299-B174-31A5195F026C}.Debug|Any CPU.Build.0 = Debug|Any CPU
		{658635EA-14C0-4299-B174-31A5195F026C}.Release|Any CPU.ActiveCfg = Release|Any CPU
		{658635EA-14C0-4299-B174-31A5195F026C}.Release|Any CPU.Build.0 = Release|Any CPU
	EndGlobalSection
	GlobalSection(SolutionProperties) = preSolution
		HideSolutionNode = FALSE
	EndGlobalSection
EndGlobal
